Microsoft Visual Studio Solution File, Format Version 12.00
# Visual Studio 15
VisualStudioVersion = 15.0.28307.645
MinimumVisualStudioVersion = 10.0.40219.1
Project("{8BC9CEB8-8B4A-11D0-8D11-00A0C91BC942}") = "mandelbulber2", "mandelbulber2.vcxproj", "{9E956454-2841-3284-B807-12E6244099E3}"
	ProjectSection(ProjectDependencies) = postProject
		{A4B9BF4A-39AD-43E0-B1A1-3E39AB811A7C} = {A4B9BF4A-39AD-43E0-B1A1-3E39AB811A7C}
	EndProjectSection
EndProject
Project("{8BC9CEB8-8B4A-11D0-8D11-00A0C91BC942}") = "mandelbulber2_autogen", "mandelbulber2_autogen.vcxproj", "{A4B9BF4A-39AD-43E0-B1A1-3E39AB811A7C}"
EndProject
Global
	GlobalSection(SolutionConfigurationPlatforms) = preSolution
		AnalysisRelease|ARM = AnalysisRelease|ARM
		AnalysisRelease|Win32 = AnalysisRelease|Win32
		AnalysisRelease|x64 = AnalysisRelease|x64
		Debug|ARM = Debug|ARM
		Debug|Win32 = Debug|Win32
		Debug|x64 = Debug|x64
		Release|ARM = Release|ARM
		Release|Win32 = Release|Win32
		Release|x64 = Release|x64
	EndGlobalSection
	GlobalSection(ProjectConfigurationPlatforms) = postSolution
		{9E956454-2841-3284-B807-12E6244099E3}.AnalysisRelease|ARM.ActiveCfg = AnalysisRelease|ARM
		{9E956454-2841-3284-B807-12E6244099E3}.AnalysisRelease|Win32.ActiveCfg = AnalysisRelease|Win32
		{9E956454-2841-3284-B807-12E6244099E3}.AnalysisRelease|x64.ActiveCfg = AnalysisRelease|x64
		{9E956454-2841-3284-B807-12E6244099E3}.Debug|ARM.ActiveCfg = Debug|ARM
		{9E956454-2841-3284-B807-12E6244099E3}.Debug|Win32.ActiveCfg = Debug|Win32
		{9E956454-2841-3284-B807-12E6244099E3}.Debug|Win32.Build.0 = Debug|Win32
		{9E956454-2841-3284-B807-12E6244099E3}.Debug|x64.ActiveCfg = Debug|x64
		{9E956454-2841-3284-B807-12E6244099E3}.Debug|x64.Build.0 = Debug|x64
		{9E956454-2841-3284-B807-12E6244099E3}.Release|ARM.ActiveCfg = Release|ARM
		{9E956454-2841-3284-B807-12E6244099E3}.Release|Win32.ActiveCfg = Release|Win32
		{9E956454-2841-3284-B807-12E6244099E3}.Release|Win32.Build.0 = Release|Win32
		{9E956454-2841-3284-B807-12E6244099E3}.Release|x64.ActiveCfg = Release|x64
		{9E956454-2841-3284-B807-12E6244099E3}.Release|x64.Build.0 = Release|x64
		{A4B9BF4A-39AD-43E0-B1A1-3E39AB811A7C}.AnalysisRelease|ARM.ActiveCfg = AnalysisRelease|ARM
		{A4B9BF4A-39AD-43E0-B1A1-3E39AB811A7C}.AnalysisRelease|Win32.ActiveCfg = AnalysisRelease|Win32
		{A4B9BF4A-39AD-43E0-B1A1-3E39AB811A7C}.AnalysisRelease|x64.ActiveCfg = AnalysisRelease|x64
		{A4B9BF4A-39AD-43E0-B1A1-3E39AB811A7C}.Debug|ARM.ActiveCfg = Debug|ARM
		{A4B9BF4A-39AD-43E0-B1A1-3E39AB811A7C}.Debug|Win32.ActiveCfg = Debug|Win32
		{A4B9BF4A-39AD-43E0-B1A1-3E39AB811A7C}.Debug|Win32.Build.0 = Debug|Win32
		{A4B9BF4A-39AD-43E0-B1A1-3E39AB811A7C}.Debug|x64.ActiveCfg = Debug|x64
		{A4B9BF4A-39AD-43E0-B1A1-3E39AB811A7C}.Debug|x64.Build.0 = Debug|x64
		{A4B9BF4A-39AD-43E0-B1A1-3E39AB811A7C}.Release|ARM.ActiveCfg = Release|ARM
		{A4B9BF4A-39AD-43E0-B1A1-3E39AB811A7C}.Release|Win32.ActiveCfg = Release|Win32
		{A4B9BF4A-39AD-43E0-B1A1-3E39AB811A7C}.Release|Win32.Build.0 = Release|Win32
		{A4B9BF4A-39AD-43E0-B1A1-3E39AB811A7C}.Release|x64.ActiveCfg = Release|x64
		{A4B9BF4A-39AD-43E0-B1A1-3E39AB811A7C}.Release|x64.Build.0 = Release|x64
	EndGlobalSection
	GlobalSection(SolutionProperties) = preSolution
		HideSolutionNode = FALSE
	EndGlobalSection
	GlobalSection(ExtensibilityGlobals) = postSolution
		SolutionGuid = {17C908EA-B77C-4535-BEAE-0FF49980E869}
	EndGlobalSection
EndGlobal
