<?xml version="1.0" encoding="utf-8"?>
<Project ToolsVersion="14.0" xmlns="http://schemas.microsoft.com/developer/msbuild/2003">
  <ItemGroup>
    <ClCompile Include="$(SolutionDir)\..\..\mandelbulber2\src\algebra.cpp" />
    <ClCompile Include="$(SolutionDir)\..\..\mandelbulber2\src\animation_flight.cpp" />
    <ClCompile Include="$(SolutionDir)\..\..\mandelbulber2\src\animation_frames.cpp" />
    <ClCompile Include="$(SolutionDir)\..\..\mandelbulber2\src\animation_keyframes.cpp" />
    <ClCompile Include="$(SolutionDir)\..\..\mandelbulber2\src\audio_fft_data.cpp" />
    <ClCompile Include="$(SolutionDir)\..\..\mandelbulber2\src\audio_track.cpp" />
    <ClCompile Include="$(SolutionDir)\..\..\mandelbulber2\src\audio_track_collection.cpp" />
    <ClCompile Include="$(SolutionDir)\..\..\mandelbulber2\src\automated_widgets.cpp" />
    <ClCompile Include="$(SolutionDir)\..\..\mandelbulber2\src\calculate_distance.cpp" />
    <ClCompile Include="$(SolutionDir)\..\..\mandelbulber2\src\camera_target.cpp" />
    <ClCompile Include="$(SolutionDir)\..\..\mandelbulber2\src\cimage.cpp" />
    <ClCompile Include="$(SolutionDir)\..\..\mandelbulber2\src\color_palette.cpp" />
    <ClCompile Include="$(SolutionDir)\..\..\mandelbulber2\src\command_line_interface.cpp" />
    <ClCompile Include="$(SolutionDir)\..\..\mandelbulber2\src\common_math.cpp" />
    <ClCompile Include="$(SolutionDir)\..\..\mandelbulber2\src\compute_fractal.cpp" />
    <ClCompile Include="$(SolutionDir)\..\..\mandelbulber2\src\displacement_map.cpp" />
    <ClCompile Include="$(SolutionDir)\..\..\mandelbulber2\src\dof.cpp" />
    <ClCompile Include="$(SolutionDir)\..\..\mandelbulber2\src\error_message.cpp" />
    <ClCompile Include="$(SolutionDir)\..\..\mandelbulber2\src\file_downloader.cpp" />
    <ClCompile Include="$(SolutionDir)\..\..\mandelbulber2\src\file_image.cpp" />
    <ClCompile Include="$(SolutionDir)\..\..\mandelbulber2\src\files.cpp" />
    <ClCompile Include="$(SolutionDir)\..\..\mandelbulber2\src\fractal.cpp" />
    <ClCompile Include="$(SolutionDir)\..\..\mandelbulber2\src\fractal_container.cpp" />
    <ClCompile Include="$(SolutionDir)\..\..\mandelbulber2\src\fractal_formulas.cpp" />
    <ClCompile Include="$(SolutionDir)\..\..\mandelbulber2\src\fractal_list.cpp" />
    <ClCompile Include="$(SolutionDir)\..\..\mandelbulber2\src\fractparams.cpp" />
    <ClCompile Include="$(SolutionDir)\..\..\mandelbulber2\src\global_data.cpp" />
    <ClCompile Include="$(SolutionDir)\..\..\mandelbulber2\src\headless.cpp" />
    <ClCompile Include="$(SolutionDir)\..\..\mandelbulber2\src\histogram.cpp" />
    <ClCompile Include="$(SolutionDir)\..\..\mandelbulber2\src\image_scale.cpp" />
    <ClCompile Include="$(SolutionDir)\..\..\mandelbulber2\src\initparameters.cpp" />
    <ClCompile Include="$(SolutionDir)\..\..\mandelbulber2\src\interface.cpp" />
    <ClCompile Include="$(SolutionDir)\..\..\mandelbulber2\src\keyframes.cpp" />
    <ClCompile Include="$(SolutionDir)\..\..\mandelbulber2\src\lights.cpp" />
    <ClCompile Include="$(SolutionDir)\..\..\mandelbulber2\src\main.cpp" />
    <ClCompile Include="$(SolutionDir)\..\..\mandelbulber2\src\marchingcubes.cpp" />
    <ClCompile Include="$(SolutionDir)\..\..\mandelbulber2\src\material.cpp" />
    <ClCompile Include="$(SolutionDir)\..\..\mandelbulber2\src\material_item_model.cpp" />
    <ClCompile Include="$(SolutionDir)\..\..\mandelbulber2\src\material_item_view.cpp" />
    <ClCompile Include="$(SolutionDir)\..\..\mandelbulber2\src\mesh_export.cpp" />
    <ClCompile Include="$(SolutionDir)\..\..\mandelbulber2\src\morph.cpp" />
    <ClCompile Include="$(SolutionDir)\..\..\mandelbulber2\src\multi_val.cpp" />
    <ClCompile Include="$(SolutionDir)\..\..\mandelbulber2\src\my_ui_loader.cpp" />
    <ClCompile Include="$(SolutionDir)\..\..\mandelbulber2\src\netrender.cpp" />
    <ClCompile Include="$(SolutionDir)\..\..\mandelbulber2\src\nine_fractals.cpp" />
    <ClCompile Include="$(SolutionDir)\..\..\mandelbulber2\src\old_settings.cpp" />
    <ClCompile Include="$(SolutionDir)\..\..\mandelbulber2\src\one_parameter.cpp" />
    <ClCompile Include="$(SolutionDir)\..\..\mandelbulber2\src\parameters.cpp" />
    <ClCompile Include="$(SolutionDir)\..\..\mandelbulber2\src\primitives.cpp" />
    <ClCompile Include="$(SolutionDir)\..\..\mandelbulber2\src\progress_text.cpp" />
    <ClCompile Include="$(SolutionDir)\..\..\mandelbulber2\src\projection_3d.cpp" />
    <ClCompile Include="$(SolutionDir)\..\..\mandelbulber2\src\queue.cpp" />
    <ClCompile Include="$(SolutionDir)\..\..\mandelbulber2\src\random.cpp" />
    <ClCompile Include="$(SolutionDir)\..\..\mandelbulber2\src\render_image.cpp" />
    <ClCompile Include="$(SolutionDir)\..\..\mandelbulber2\src\render_job.cpp" />
    <ClCompile Include="$(SolutionDir)\..\..\mandelbulber2\src\render_queue.cpp" />
    <ClCompile Include="$(SolutionDir)\..\..\mandelbulber2\src\render_ssao.cpp" />
    <ClCompile Include="$(SolutionDir)\..\..\mandelbulber2\src\render_window.cpp" />
    <ClCompile Include="$(SolutionDir)\..\..\mandelbulber2\src\render_window_buttons.cpp" />
    <ClCompile Include="$(SolutionDir)\..\..\mandelbulber2\src\render_window_menu.cpp" />
    <ClCompile Include="$(SolutionDir)\..\..\mandelbulber2\src\render_window_slots.cpp" />
    <ClCompile Include="$(SolutionDir)\..\..\mandelbulber2\src\render_worker.cpp" />
    <ClCompile Include="$(SolutionDir)\..\..\mandelbulber2\src\rendered_image_widget.cpp" />
    <ClCompile Include="$(SolutionDir)\..\..\mandelbulber2\src\rendering_configuration.cpp" />
    <ClCompile Include="$(SolutionDir)\..\..\mandelbulber2\src\scheduler.cpp" />
    <ClCompile Include="$(SolutionDir)\..\..\mandelbulber2\src\settings.cpp" />
    <ClCompile Include="$(SolutionDir)\..\..\mandelbulber2\src\shaders.cpp" />
    <ClCompile Include="$(SolutionDir)\..\..\mandelbulber2\src\ssao_worker.cpp" />
    <ClCompile Include="$(SolutionDir)\..\..\mandelbulber2\src\statistics.cpp" />
    <ClCompile Include="$(SolutionDir)\..\..\mandelbulber2\src\stereo.cpp" />
    <ClCompile Include="$(SolutionDir)\..\..\mandelbulber2\src\synchronize_interface.cpp" />
    <ClCompile Include="$(SolutionDir)\..\..\mandelbulber2\src\system.cpp" />
    <ClCompile Include="$(SolutionDir)\..\..\mandelbulber2\src\test.cpp" />
    <ClCompile Include="$(SolutionDir)\..\..\mandelbulber2\src\texture.cpp" />
    <ClCompile Include="$(SolutionDir)\..\..\mandelbulber2\src\texture_mapping.cpp" />
    <ClCompile Include="$(SolutionDir)\..\..\mandelbulber2\src\thumbnail.cpp" />
    <ClCompile Include="$(SolutionDir)\..\..\mandelbulber2\src\undo.cpp" />
    <ClCompile Include="$(SolutionDir)\..\..\mandelbulber2\src\voxel_export.cpp" />
    <ClCompile Include="$(SolutionDir)\..\..\mandelbulber2\qt\anim_audio_view.cpp" />
    <ClCompile Include="$(SolutionDir)\..\..\mandelbulber2\qt\audio_selector.cpp" />
    <ClCompile Include="$(SolutionDir)\..\..\mandelbulber2\qt\color_palette_widget.cpp" />
    <ClCompile Include="$(SolutionDir)\..\..\mandelbulber2\qt\common_my_widget_wrapper.cpp" />
    <ClCompile Include="$(SolutionDir)\..\..\mandelbulber2\qt\dock_animation.cpp" />
    <ClCompile Include="$(SolutionDir)\..\..\mandelbulber2\qt\dock_effects.cpp" />
    <ClCompile Include="$(SolutionDir)\..\..\mandelbulber2\qt\dock_fractal.cpp" />
    <ClCompile Include="$(SolutionDir)\..\..\mandelbulber2\qt\dock_gamepad.cpp" />
    <ClCompile Include="$(SolutionDir)\..\..\mandelbulber2\qt\dock_image_adjustments.cpp" />
    <ClCompile Include="$(SolutionDir)\..\..\mandelbulber2\qt\dock_measurements.cpp" />
    <ClCompile Include="$(SolutionDir)\..\..\mandelbulber2\qt\dock_navigation.cpp" />
    <ClCompile Include="$(SolutionDir)\..\..\mandelbulber2\qt\dock_queue.cpp" />
    <ClCompile Include="$(SolutionDir)\..\..\mandelbulber2\qt\dock_rendering_engine.cpp" />
    <ClCompile Include="$(SolutionDir)\..\..\mandelbulber2\qt\dock_statistics.cpp" />
    <ClCompile Include="$(SolutionDir)\..\..\mandelbulber2\qt\fft_view.cpp" />
    <ClCompile Include="$(SolutionDir)\..\..\mandelbulber2\qt\file_select_widget.cpp" />
    <ClCompile Include="$(SolutionDir)\..\..\mandelbulber2\qt\image_save_dialog.cpp" />
    <ClCompile Include="$(SolutionDir)\..\..\mandelbulber2\qt\material_editor.cpp" />
    <ClCompile Include="$(SolutionDir)\..\..\mandelbulber2\qt\material_manager_view.cpp" />
    <ClCompile Include="$(SolutionDir)\..\..\mandelbulber2\qt\material_selector.cpp" />
    <ClCompile Include="$(SolutionDir)\..\..\mandelbulber2\qt\material_widget.cpp" />
    <ClCompile Include="$(SolutionDir)\..\..\mandelbulber2\qt\mesh_export_dialog.cpp" />
    <ClCompile Include="$(SolutionDir)\..\..\mandelbulber2\qt\my_check_box.cpp" />
    <ClCompile Include="$(SolutionDir)\..\..\mandelbulber2\qt\my_color_button.cpp" />
    <ClCompile Include="$(SolutionDir)\..\..\mandelbulber2\qt\my_double_spin_box.cpp" />
    <ClCompile Include="$(SolutionDir)\..\..\mandelbulber2\qt\my_group_box.cpp" />
    <ClCompile Include="$(SolutionDir)\..\..\mandelbulber2\qt\my_histogram_label.cpp" />
    <ClCompile Include="$(SolutionDir)\..\..\mandelbulber2\qt\my_line_edit.cpp" />
    <ClCompile Include="$(SolutionDir)\..\..\mandelbulber2\qt\my_log_widget.cpp" />
    <ClCompile Include="$(SolutionDir)\..\..\mandelbulber2\qt\my_progress_bar.cpp" />
    <ClCompile Include="$(SolutionDir)\..\..\mandelbulber2\qt\my_spin_box.cpp" />
    <ClCompile Include="$(SolutionDir)\..\..\mandelbulber2\qt\my_tab_bar.cpp" />
    <ClCompile Include="$(SolutionDir)\..\..\mandelbulber2\qt\my_tab_widget.cpp" />
    <ClCompile Include="$(SolutionDir)\..\..\mandelbulber2\qt\my_table_widget_anim.cpp" />
    <ClCompile Include="$(SolutionDir)\..\..\mandelbulber2\qt\my_table_widget_keyframes.cpp" />
    <ClCompile Include="$(SolutionDir)\..\..\mandelbulber2\qt\player_widget.cpp" />
    <ClCompile Include="$(SolutionDir)\..\..\mandelbulber2\qt\preferences_dialog.cpp" />
    <ClCompile Include="$(SolutionDir)\..\..\mandelbulber2\qt\preview_file_dialog.cpp" />
    <ClCompile Include="$(SolutionDir)\..\..\mandelbulber2\qt\pushbutton_anim_sound.cpp" />
    <ClCompile Include="$(SolutionDir)\..\..\mandelbulber2\qt\system_tray.cpp" />
    <ClCompile Include="$(SolutionDir)\..\..\mandelbulber2\qt\tab_fractal.cpp" />
    <ClCompile Include="$(SolutionDir)\..\..\mandelbulber2\qt\thumbnail_widget.cpp" />
    <ClCompile Include="$(SolutionDir)\..\..\mandelbulber2\qt\voxel_export_dialog.cpp" />
    <ClCompile Include="$(SolutionDir)\..\..\mandelbulber2\qt\wave_form_view.cpp" />
    <ClCompile Include="..\qt\time_ruler.cpp" />
  </ItemGroup>
  <ItemGroup>
    <ClInclude Include="$(SolutionDir)\..\..\mandelbulber2\src\ao_modes.h" />
    <ClInclude Include="$(SolutionDir)\..\..\mandelbulber2\src\audio_fft_data.h" />
    <ClInclude Include="$(SolutionDir)\..\..\mandelbulber2\src\audio_track.h" />
    <ClInclude Include="$(SolutionDir)\..\..\mandelbulber2\src\audio_track_collection.h" />
    <ClInclude Include="$(SolutionDir)\..\..\mandelbulber2\src\calculation_mode.h" />
    <ClInclude Include="$(SolutionDir)\..\..\mandelbulber2\src\common_math.h" />
    <ClInclude Include="$(SolutionDir)\..\..\mandelbulber2\src\files.h" />
    <ClInclude Include="$(SolutionDir)\..\..\mandelbulber2\src\fractal.h" />
    <ClInclude Include="$(SolutionDir)\..\..\mandelbulber2\src\fractal_enums.h" />
    <ClInclude Include="$(SolutionDir)\..\..\mandelbulber2\src\headless.h" />
    <ClInclude Include="$(SolutionDir)\..\..\mandelbulber2\src\image_adjustments.h" />
    <ClInclude Include="$(SolutionDir)\..\..\mandelbulber2\src\marchingcubes.h" />
    <ClInclude Include="$(SolutionDir)\..\..\mandelbulber2\src\material.h" />
    <ClInclude Include="$(SolutionDir)\..\..\mandelbulber2\src\material_item_model.h" />
    <ClInclude Include="$(SolutionDir)\..\..\mandelbulber2\src\material_item_view.h" />
    <ClInclude Include="$(SolutionDir)\..\..\mandelbulber2\src\my_ui_loader.h" />
    <ClInclude Include="$(SolutionDir)\..\..\mandelbulber2\src\primitives.h" />
    <ClInclude Include="$(SolutionDir)\..\..\mandelbulber2\src\render_ssao.h" />
    <ClInclude Include="$(SolutionDir)\..\..\mandelbulber2\src\ssao_worker.h" />
    <ClInclude Include="$(SolutionDir)\..\..\mandelbulber2\src\statistics.h" />
    <ClInclude Include="$(SolutionDir)\..\..\mandelbulber2\src\stereo.h" />
    <ClInclude Include="$(SolutionDir)\..\..\mandelbulber2\src\undo.h" />
    <ClInclude Include="$(SolutionDir)\..\..\mandelbulber2\src\algebra.hpp" />
    <ClInclude Include="$(SolutionDir)\..\..\mandelbulber2\src\animation_flight.hpp" />
    <ClInclude Include="$(SolutionDir)\..\..\mandelbulber2\src\animation_frames.hpp" />
    <ClInclude Include="$(SolutionDir)\..\..\mandelbulber2\src\animation_keyframes.hpp" />
    <ClInclude Include="$(SolutionDir)\..\..\mandelbulber2\src\automated_widgets.hpp" />
    <ClInclude Include="$(SolutionDir)\..\..\mandelbulber2\src\calculate_distance.hpp" />
    <ClInclude Include="$(SolutionDir)\..\..\mandelbulber2\src\camera_target.hpp" />
    <ClInclude Include="$(SolutionDir)\..\..\mandelbulber2\src\cimage.hpp" />
    <ClInclude Include="$(SolutionDir)\..\..\mandelbulber2\src\color_palette.hpp" />
    <ClInclude Include="$(SolutionDir)\..\..\mandelbulber2\src\color_structures.hpp" />
    <ClInclude Include="$(SolutionDir)\..\..\mandelbulber2\src\command_line_interface.hpp" />
    <ClInclude Include="$(SolutionDir)\..\..\mandelbulber2\src\commonparams.hpp" />
    <ClInclude Include="$(SolutionDir)\..\..\mandelbulber2\src\compute_fractal.hpp" />
    <ClInclude Include="$(SolutionDir)\..\..\mandelbulber2\src\displacement_map.hpp" />
    <ClInclude Include="$(SolutionDir)\..\..\mandelbulber2\src\dof.hpp" />
    <ClInclude Include="$(SolutionDir)\..\..\mandelbulber2\src\error_message.hpp" />
    <ClInclude Include="$(SolutionDir)\..\..\mandelbulber2\src\file_downloader.hpp" />
    <ClInclude Include="$(SolutionDir)\..\..\mandelbulber2\src\file_image.hpp" />
    <ClInclude Include="$(SolutionDir)\..\..\mandelbulber2\src\fractal_coloring.hpp" />
    <ClInclude Include="$(SolutionDir)\..\..\mandelbulber2\src\fractal_container.hpp" />
    <ClInclude Include="$(SolutionDir)\..\..\mandelbulber2\src\fractal_formulas.hpp" />
    <ClInclude Include="$(SolutionDir)\..\..\mandelbulber2\src\fractal_list.hpp" />
    <ClInclude Include="$(SolutionDir)\..\..\mandelbulber2\src\fractparams.hpp" />
    <ClInclude Include="$(SolutionDir)\..\..\mandelbulber2\src\global_data.hpp" />
    <ClInclude Include="$(SolutionDir)\..\..\mandelbulber2\src\histogram.hpp" />
    <ClInclude Include="$(SolutionDir)\..\..\mandelbulber2\src\image_scale.hpp" />
    <ClInclude Include="$(SolutionDir)\..\..\mandelbulber2\src\initparameters.hpp" />
    <ClInclude Include="$(SolutionDir)\..\..\mandelbulber2\src\interface.hpp" />
    <ClInclude Include="$(SolutionDir)\..\..\mandelbulber2\src\keyframes.hpp" />
    <ClInclude Include="$(SolutionDir)\..\..\mandelbulber2\src\lights.hpp" />
    <ClInclude Include="$(SolutionDir)\..\..\mandelbulber2\src\main.hpp" />
    <ClInclude Include="$(SolutionDir)\..\..\mandelbulber2\src\mesh_export.hpp" />
    <ClInclude Include="$(SolutionDir)\..\..\mandelbulber2\src\morph.hpp" />
    <ClInclude Include="$(SolutionDir)\..\..\mandelbulber2\src\multi_val.hpp" />
    <ClInclude Include="$(SolutionDir)\..\..\mandelbulber2\src\netrender.hpp" />
    <ClInclude Include="$(SolutionDir)\..\..\mandelbulber2\src\nine_fractals.hpp" />
    <ClInclude Include="$(SolutionDir)\..\..\mandelbulber2\src\object_data.hpp" />
    <ClInclude Include="$(SolutionDir)\..\..\mandelbulber2\src\object_types.hpp" />
    <ClInclude Include="$(SolutionDir)\..\..\mandelbulber2\src\old_settings.hpp" />
    <ClInclude Include="$(SolutionDir)\..\..\mandelbulber2\src\one_parameter.hpp" />
    <ClInclude Include="$(SolutionDir)\..\..\mandelbulber2\src\parameters.hpp" />
    <ClInclude Include="$(SolutionDir)\..\..\mandelbulber2\src\progress_text.hpp" />
    <ClInclude Include="$(SolutionDir)\..\..\mandelbulber2\src\projection_3d.hpp" />
    <ClInclude Include="$(SolutionDir)\..\..\mandelbulber2\src\queue.hpp" />
    <ClInclude Include="$(SolutionDir)\..\..\mandelbulber2\src\random.hpp" />
    <ClInclude Include="$(SolutionDir)\..\..\mandelbulber2\src\region.hpp" />
    <ClInclude Include="$(SolutionDir)\..\..\mandelbulber2\src\render_data.hpp" />
    <ClInclude Include="$(SolutionDir)\..\..\mandelbulber2\src\render_image.hpp" />
    <ClInclude Include="$(SolutionDir)\..\..\mandelbulber2\src\render_job.hpp" />
    <ClInclude Include="$(SolutionDir)\..\..\mandelbulber2\src\render_queue.hpp" />
    <ClInclude Include="$(SolutionDir)\..\..\mandelbulber2\src\render_window.hpp" />
    <ClInclude Include="$(SolutionDir)\..\..\mandelbulber2\src\render_worker.hpp" />
    <ClInclude Include="$(SolutionDir)\..\..\mandelbulber2\src\rendered_image_widget.hpp" />
    <ClInclude Include="$(SolutionDir)\..\..\mandelbulber2\src\rendering_configuration.hpp" />
    <ClInclude Include="$(SolutionDir)\..\..\mandelbulber2\src\scheduler.hpp" />
    <ClInclude Include="$(SolutionDir)\..\..\mandelbulber2\src\settings.hpp" />
    <ClInclude Include="$(SolutionDir)\..\..\mandelbulber2\src\synchronize_interface.hpp" />
    <ClInclude Include="$(SolutionDir)\..\..\mandelbulber2\src\system.hpp" />
    <ClInclude Include="$(SolutionDir)\..\..\mandelbulber2\src\test.hpp" />
    <ClInclude Include="$(SolutionDir)\..\..\mandelbulber2\src\texture.hpp" />
    <ClInclude Include="$(SolutionDir)\..\..\mandelbulber2\src\texture_enums.hpp" />
    <ClInclude Include="$(SolutionDir)\..\..\mandelbulber2\src\texture_mapping.hpp" />
    <ClInclude Include="$(SolutionDir)\..\..\mandelbulber2\src\thumbnail.hpp" />
    <ClInclude Include="$(SolutionDir)\..\..\mandelbulber2\src\voxel_export.hpp" />
    <ClInclude Include="$(SolutionDir)\..\..\mandelbulber2\qt\anim_audio_view.h" />
    <ClInclude Include="$(SolutionDir)\..\..\mandelbulber2\qt\audio_selector.h" />
    <ClInclude Include="$(SolutionDir)\..\..\mandelbulber2\qt\color_palette_widget.h" />
    <ClInclude Include="$(SolutionDir)\..\..\mandelbulber2\qt\common_my_widget_wrapper.h" />
    <ClInclude Include="$(SolutionDir)\..\..\mandelbulber2\qt\dock_animation.h" />
    <ClInclude Include="$(SolutionDir)\..\..\mandelbulber2\qt\dock_effects.h" />
    <ClInclude Include="$(SolutionDir)\..\..\mandelbulber2\qt\dock_fractal.h" />
    <ClInclude Include="$(SolutionDir)\..\..\mandelbulber2\qt\dock_gamepad.h" />
    <ClInclude Include="$(SolutionDir)\..\..\mandelbulber2\qt\dock_image_adjustmnets.h" />
    <ClInclude Include="$(SolutionDir)\..\..\mandelbulber2\qt\dock_measurements.h" />
    <ClInclude Include="$(SolutionDir)\..\..\mandelbulber2\qt\dock_navigation.h" />
    <ClInclude Include="$(SolutionDir)\..\..\mandelbulber2\qt\dock_queue.h" />
    <ClInclude Include="$(SolutionDir)\..\..\mandelbulber2\qt\dock_rendering_engine.h" />
    <ClInclude Include="$(SolutionDir)\..\..\mandelbulber2\qt\dock_statistics.h" />
    <ClInclude Include="$(SolutionDir)\..\..\mandelbulber2\qt\fft_view.h" />
    <ClInclude Include="$(SolutionDir)\..\..\mandelbulber2\qt\file_select_widget.h" />
    <ClInclude Include="$(SolutionDir)\..\..\mandelbulber2\qt\image_save_dialog.h" />
    <ClInclude Include="$(SolutionDir)\..\..\mandelbulber2\qt\material_editor.h" />
    <ClInclude Include="$(SolutionDir)\..\..\mandelbulber2\qt\material_manager_view.h" />
    <ClInclude Include="$(SolutionDir)\..\..\mandelbulber2\qt\material_selector.h" />
    <ClInclude Include="$(SolutionDir)\..\..\mandelbulber2\qt\material_widget.h" />
    <ClInclude Include="$(SolutionDir)\..\..\mandelbulber2\qt\mesh_export_dialog.h" />
    <ClInclude Include="$(SolutionDir)\..\..\mandelbulber2\qt\my_check_box.h" />
    <ClInclude Include="$(SolutionDir)\..\..\mandelbulber2\qt\my_color_button.h" />
    <ClInclude Include="$(SolutionDir)\..\..\mandelbulber2\qt\my_double_spin_box.h" />
    <ClInclude Include="$(SolutionDir)\..\..\mandelbulber2\qt\my_group_box.h" />
    <ClInclude Include="$(SolutionDir)\..\..\mandelbulber2\qt\my_histogram_label.h" />
    <ClInclude Include="$(SolutionDir)\..\..\mandelbulber2\qt\my_line_edit.h" />
    <ClInclude Include="$(SolutionDir)\..\..\mandelbulber2\qt\my_log_widget.h" />
    <ClInclude Include="$(SolutionDir)\..\..\mandelbulber2\qt\my_progress_bar.h" />
    <ClInclude Include="$(SolutionDir)\..\..\mandelbulber2\qt\my_scrolled_area.h" />
    <ClInclude Include="$(SolutionDir)\..\..\mandelbulber2\qt\my_spin_box.h" />
    <ClInclude Include="$(SolutionDir)\..\..\mandelbulber2\qt\my_tab_bar.h" />
    <ClInclude Include="$(SolutionDir)\..\..\mandelbulber2\qt\my_tab_widget.h" />
    <ClInclude Include="$(SolutionDir)\..\..\mandelbulber2\qt\preferences_dialog.h" />
    <ClInclude Include="$(SolutionDir)\..\..\mandelbulber2\qt\preview_file_dialog.h" />
    <ClInclude Include="$(SolutionDir)\..\..\mandelbulber2\qt\pushbutton_anim_sound.h" />
    <ClInclude Include="$(SolutionDir)\..\..\mandelbulber2\qt\tab_fractal.h" />
    <ClInclude Include="$(SolutionDir)\..\..\mandelbulber2\qt\thumbnail_widget.h" />
    <ClInclude Include="$(SolutionDir)\..\..\mandelbulber2\qt\voxel_export_dialog.h" />
    <ClInclude Include="$(SolutionDir)\..\..\mandelbulber2\qt\wave_form_view.h" />
    <ClInclude Include="$(SolutionDir)\..\..\mandelbulber2\qt\my_table_widget_anim.hpp" />
    <ClInclude Include="$(SolutionDir)\..\..\mandelbulber2\qt\my_table_widget_keyframes.hpp" />
    <ClInclude Include="$(SolutionDir)\..\..\mandelbulber2\qt\player_widget.hpp" />
    <ClInclude Include="$(SolutionDir)\..\..\mandelbulber2\qt\system_tray.hpp" />
    <ClInclude Include="$(SolutionDir)\..\..\build-win\ui_audio_selector.h" />
    <ClInclude Include="$(SolutionDir)\..\..\build-win\ui_dock_animation.h" />
    <ClInclude Include="$(SolutionDir)\..\..\build-win\ui_dock_effects.h" />
    <ClInclude Include="$(SolutionDir)\..\..\build-win\ui_dock_fractal.h" />
    <ClInclude Include="$(SolutionDir)\..\..\build-win\ui_dock_gamepad.h" />
    <ClInclude Include="$(SolutionDir)\..\..\build-win\ui_dock_image_adjustments.h" />
    <ClInclude Include="$(SolutionDir)\..\..\build-win\ui_dock_measurements.h" />
    <ClInclude Include="$(SolutionDir)\..\..\build-win\ui_dock_navigation.h" />
    <ClInclude Include="$(SolutionDir)\..\..\build-win\ui_dock_queue.h" />
    <ClInclude Include="$(SolutionDir)\..\..\build-win\ui_dock_rendering_engine.h" />
    <ClInclude Include="$(SolutionDir)\..\..\build-win\ui_dock_statistics.h" />
    <ClInclude Include="$(SolutionDir)\..\..\build-win\ui_image_save_dialog.h" />
    <ClInclude Include="$(SolutionDir)\..\..\build-win\ui_material_editor.h" />
    <ClInclude Include="$(SolutionDir)\..\..\build-win\ui_material_manager_view.h" />
    <ClInclude Include="$(SolutionDir)\..\..\build-win\ui_mesh_export_dialog.h" />
    <ClInclude Include="$(SolutionDir)\..\..\build-win\ui_preferences_dialog.h" />
    <ClInclude Include="$(SolutionDir)\..\..\build-win\ui_render_window.h" />
    <ClInclude Include="$(SolutionDir)\..\..\build-win\ui_tab_fractal.h" />
    <ClInclude Include="$(SolutionDir)\..\..\build-win\ui_voxel_export_dialog.h" />
    <ClInclude Include="..\qt\time_ruler.h" />
  </ItemGroup>
  <ItemGroup>
    <CustomBuild Include="$(SolutionDir)\..\..\mandelbulber2\qt\audio_selector.ui" />
    <CustomBuild Include="$(SolutionDir)\..\..\mandelbulber2\qt\dock_animation.ui" />
    <CustomBuild Include="$(SolutionDir)\..\..\mandelbulber2\qt\dock_effects.ui" />
    <CustomBuild Include="$(SolutionDir)\..\..\mandelbulber2\qt\dock_fractal.ui" />
    <CustomBuild Include="$(SolutionDir)\..\..\mandelbulber2\qt\dock_gamepad.ui" />
    <CustomBuild Include="$(SolutionDir)\..\..\mandelbulber2\qt\dock_image_adjustments.ui" />
    <CustomBuild Include="$(SolutionDir)\..\..\mandelbulber2\qt\dock_measurements.ui" />
    <CustomBuild Include="$(SolutionDir)\..\..\mandelbulber2\qt\dock_navigation.ui" />
    <CustomBuild Include="$(SolutionDir)\..\..\mandelbulber2\qt\dock_queue.ui" />
    <CustomBuild Include="$(SolutionDir)\..\..\mandelbulber2\qt\dock_rendering_engine.ui" />
    <CustomBuild Include="$(SolutionDir)\..\..\mandelbulber2\qt\dock_statistics.ui" />
    <CustomBuild Include="$(SolutionDir)\..\..\mandelbulber2\qt\image_save_dialog.ui" />
    <CustomBuild Include="$(SolutionDir)\..\..\mandelbulber2\qt\material_editor.ui" />
    <CustomBuild Include="$(SolutionDir)\..\..\mandelbulber2\qt\material_manager_view.ui" />
    <CustomBuild Include="$(SolutionDir)\..\..\mandelbulber2\qt\mesh_export_dialog.ui" />
    <CustomBuild Include="$(SolutionDir)\..\..\mandelbulber2\qt\preferences_dialog.ui" />
    <CustomBuild Include="$(SolutionDir)\..\..\mandelbulber2\qt\render_window.ui" />
    <CustomBuild Include="$(SolutionDir)\..\..\mandelbulber2\qt\tab_fractal.ui" />
    <CustomBuild Include="$(SolutionDir)\..\..\mandelbulber2\qt\voxel_export_dialog.ui" />
  </ItemGroup>
  <ItemGroup>
    <None Include="packages.config" />
    <None Include="$(SolutionDir)\..\..\mandelbulber2\qt\icons.qrc" />
  </ItemGroup>
  <ItemGroup>
    <Filter Include="Source Files">
      <UniqueIdentifier>{F3DD4264-F6C4-38D9-8CCB-7FC5A1C9284E}</UniqueIdentifier>
    </Filter>
    <Filter Include="Header Files">
      <UniqueIdentifier>{79B4A79D-D9B1-31E7-943F-F0DD1D5BF3FD}</UniqueIdentifier>
    </Filter>
  </ItemGroup>
</Project>